{
  "name": "backend",
  "version": "0.0.0",
  "lockfileVersion": 3,
  "requires": true,
  "packages": {
    "": {
      "name": "backend",
      "version": "0.0.0",
      "license": "MIT",
      "dependencies": {
        "@prisma/client": "^5.4.0"
      },
      "devDependencies": {
        "dotenv": "^16.3.1",
        "prisma": "^5.4.0"
      }
    },
    "node_modules/@prisma/client": {
      "version": "5.4.0",
      "resolved": "https://registry.npmjs.org/@prisma/client/-/client-5.4.0.tgz",
      "integrity": "sha512-JEo7J24OgEyNJg6hWRecIj6NJcB0chBCXFhWoO5exDVReMxiaY801lLLd6KStVFJHCWVEWoMLPUqhOvQA5MUuw==",
      "hasInstallScript": true,
      "dependencies": {
        "@prisma/engines-version": "5.4.0-47.a5596b96668f0f4b397761ce0956db54e17e48c4"
      },
      "engines": {
        "node": ">=16.13"
      },
      "peerDependencies": {
        "prisma": "*"
      },
      "peerDependenciesMeta": {
        "prisma": {
          "optional": true
        }
      }
    },
    "node_modules/@prisma/engines": {
      "version": "5.4.0",
      "resolved": "https://registry.npmjs.org/@prisma/engines/-/engines-5.4.0.tgz",
      "integrity": "sha512-tnPa5Z1D70iPahvy9xG0bH5GD6Pb25Q+rH76+N1JKwQFe6vA3LyKyVzQrG4CQCI6N5PCJHJxlahJeCgcTJfLsg==",
      "devOptional": true,
      "hasInstallScript": true
    },
    "node_modules/@prisma/engines-version": {
      "version": "5.4.0-47.a5596b96668f0f4b397761ce0956db54e17e48c4",
      "resolved": "https://registry.npmjs.org/@prisma/engines-version/-/engines-version-5.4.0-47.a5596b96668f0f4b397761ce0956db54e17e48c4.tgz",
      "integrity": "sha512-liWWFhIL5hMhVt4f9HWqMSnBgVicVFGKsEzO5gBfLr9aG1JgjjMDYNmqqLji0Hp0VpD8ffTQTOVZDJRUVBD4dw=="
    },
    "node_modules/dotenv": {
      "version": "16.3.1",
      "resolved": "https://registry.npmjs.org/dotenv/-/dotenv-16.3.1.tgz",
      "integrity": "sha512-IPzF4w4/Rd94bA9imS68tZBaYyBWSCE47V1RGuMrB94iyTOIEwRmVL2x/4An+6mETpLrKJ5hQkB8W4kFAadeIQ==",
      "dev": true,
      "engines": {
        "node": ">=12"
      },
      "funding": {
        "url": "https://github.com/motdotla/dotenv?sponsor=1"
      }
    },
    "node_modules/prisma": {
      "version": "5.4.0",
      "resolved": "https://registry.npmjs.org/prisma/-/prisma-5.4.0.tgz",
      "integrity": "sha512-69rlao0RJ4JcLnJ6VwUS89qhRAdMawby7u10OOkpxZC9RZkDdLIpMj+7zafH2NqEk9roplbmfiAR5FseR7H8fg==",
      "devOptional": true,
      "hasInstallScript": true,
      "dependencies": {
        "@prisma/engines": "5.4.0"
      },
      "bin": {
        "prisma": "build/index.js"
      },
      "engines": {
        "node": ">=16.13"
      }
    }
  }
}
